
Microsoft Visual Studio Solution File, Format Version 12.00
# Visual Studio Version 16
VisualStudioVersion = 16.0.30523.141
MinimumVisualStudioVersion = 10.0.40219.1
Project("{FAE04EC0-301F-11D3-BF4B-00C04F79EFBC}") = "CRUD_CEP", "CRUD_CEP\CRUD_CEP.csproj", "{558FCADE-50CC-4D3C-AC52-7921443A5C08}"
EndProject
Global
	GlobalSection(SolutionConfigurationPlatforms) = preSolution
		Debug|Any CPU = Debug|Any CPU
		Release|Any CPU = Release|Any CPU
	EndGlobalSection
	GlobalSection(ProjectConfigurationPlatforms) = postSolution
		{558FCADE-50CC-4D3C-AC52-7921443A5C08}.Debug|Any CPU.ActiveCfg = Debug|Any CPU
		{558FCADE-50CC-4D3C-AC52-7921443A5C08}.Debug|Any CPU.Build.0 = Debug|Any CPU
		{558FCADE-50CC-4D3C-AC52-7921443A5C08}.Release|Any CPU.ActiveCfg = Release|Any CPU
		{558FCADE-50CC-4D3C-AC52-7921443A5C08}.Release|Any CPU.Build.0 = Release|Any CPU
	EndGlobalSection
	GlobalSection(SolutionProperties) = preSolution
		HideSolutionNode = FALSE
	EndGlobalSection
	GlobalSection(ExtensibilityGlobals) = postSolution
		SolutionGuid = {9D1FED0A-D7B0-414C-A9BC-8792B6426A00}
	EndGlobalSection
EndGlobal
